uuid: 06e83aef-4e63-4c0d-9ad1-d07a897220a3
langcode: nl
status: true
dependencies:
  module:
    - baseline
    - system
  theme:
    - baseline_style
id: entitydisplayblock
theme: baseline_style
region: content_aside
weight: -14
provider: null
plugin: entity_display_block
settings:
  id: entity_display_block
  label: 'Fraction Icon block'
  provider: baseline
  label_display: '0'
  display_mode: icon
visibility:
  request_path:
    id: request_path
    pages: '/fraction/*'
    negate: false
    context_mapping: {  }
